// !$*UTF8*$!
{
	archiveVersion = 1;
	classes = {
	};
	objectVersion = 77;
	objects = {

/* Begin PBXBuildFile section */
		E115690E2EB5267E00E0B24B /* FirebaseAI in Frameworks */ = {isa = PBXBuildFile; productRef = E115690D2EB5267E00E0B24B /* FirebaseAI */; };
		E11569102EB5267E00E0B24B /* FirebaseAnalytics in Frameworks */ = {isa = PBXBuildFile; productRef = E115690F2EB5267E00E0B24B /* FirebaseAnalytics */; };
		E11569122EB5267E00E0B24B /* FirebaseDatabase in Frameworks */ = {isa = PBXBuildFile; productRef = E11569112EB5267E00E0B24B /* FirebaseDatabase */; };
		E11569142EB5267E00E0B24B /* FirebaseFirestore in Frameworks */ = {isa = PBXBuildFile; productRef = E11569132EB5267E00E0B24B /* FirebaseFirestore */; };
/* End PBXBuildFile section */

/* Begin PBXContainerItemProxy section */
		E11568752EB1591E00E0B24B /* PBXContainerItemProxy */ = {
			isa = PBXContainerItemProxy;
			containerPortal = E11568562EB1591C00E0B24B /* Project object */;
			proxyType = 1;
			remoteGlobalIDString = E115685D2EB1591C00E0B24B;
			remoteInfo = HaptIQ;
		};
		E115687F2EB1591E00E0B24B /* PBXContainerItemProxy */ = {
			isa = PBXContainerItemProxy;
			containerPortal = E11568562EB1591C00E0B24B /* Project object */;
			proxyType = 1;
			remoteGlobalIDString = E115685D2EB1591C00E0B24B;
			remoteInfo = HaptIQ;
		};
/* End PBXContainerItemProxy section */

/* Begin PBXFileReference section */
		E115685E2EB1591C00E0B24B /* HaptIQ.app */ = {isa = PBXFileReference; explicitFileType = wrapper.application; includeInIndex = 0; path = HaptIQ.app; sourceTree = BUILT_PRODUCTS_DIR; };
		E11568742EB1591E00E0B24B /* HaptIQTests.xctest */ = {isa = PBXFileReference; explicitFileType = wrapper.cfbundle; includeInIndex = 0; path = HaptIQTests.xctest; sourceTree = BUILT_PRODUCTS_DIR; };
		E115687E2EB1591E00E0B24B /* HaptIQUITests.xctest */ = {isa = PBXFileReference; explicitFileType = wrapper.cfbundle; includeInIndex = 0; path = HaptIQUITests.xctest; sourceTree = BUILT_PRODUCTS_DIR; };
/* End PBXFileReference section */

/* Begin PBXFileSystemSynchronizedBuildFileExceptionSet section */
		E11568862EB1591E00E0B24B /* Exceptions for "HaptIQ" folder in "HaptIQ" target */ = {
			isa = PBXFileSystemSynchronizedBuildFileExceptionSet;
			membershipExceptions = (
				Info.plist,
			);
			target = E115685D2EB1591C00E0B24B /* HaptIQ */;
		};
		E11569092EB5227A00E0B24B /* Exceptions for "HaptIQUITests" folder in "HaptIQ" target */ = {
			isa = PBXFileSystemSynchronizedBuildFileExceptionSet;
			membershipExceptions = (
				"GoogleService-Info.plist",
			);
			target = E115685D2EB1591C00E0B24B /* HaptIQ */;
		};
		E115690A2EB5227A00E0B24B /* Exceptions for "HaptIQUITests" folder in "HaptIQTests" target */ = {
			isa = PBXFileSystemSynchronizedBuildFileExceptionSet;
			membershipExceptions = (
				"GoogleService-Info.plist",
			);
			target = E11568732EB1591E00E0B24B /* HaptIQTests */;
		};
/* End PBXFileSystemSynchronizedBuildFileExceptionSet section */

/* Begin PBXFileSystemSynchronizedRootGroup section */
		E11568602EB1591C00E0B24B /* HaptIQ */ = {
			isa = PBXFileSystemSynchronizedRootGroup;
			exceptions = (
				E11568862EB1591E00E0B24B /* Exceptions for "HaptIQ" folder in "HaptIQ" target */,
			);
			path = HaptIQ;
			sourceTree = "<group>";
		};
		E11568772EB1591E00E0B24B /* HaptIQTests */ = {
			isa = PBXFileSystemSynchronizedRootGroup;
			path = HaptIQTests;
			sourceTree = "<group>";
		};
		E11568812EB1591E00E0B24B /* HaptIQUITests */ = {
			isa = PBXFileSystemSynchronizedRootGroup;
			exceptions = (
				E11569092EB5227A00E0B24B /* Exceptions for "HaptIQUITests" folder in "HaptIQ" target */,
				E115690A2EB5227A00E0B24B /* Exceptions for "HaptIQUITests" folder in "HaptIQTests" target */,
			);
			path = HaptIQUITests;
			sourceTree = "<group>";
		};
/* End PBXFileSystemSynchronizedRootGroup section */

/* Begin PBXFrameworksBuildPhase section */
		E115685B2EB1591C00E0B24B /* Frameworks */ = {
			isa = PBXFrameworksBuildPhase;
			buildActionMask = 2147483647;
			files = (
				E11569122EB5267E00E0B24B /* FirebaseDatabase in Frameworks */,
				E11569142EB5267E00E0B24B /* FirebaseFirestore in Frameworks */,
				E11569102EB5267E00E0B24B /* FirebaseAnalytics in Frameworks */,
				E115690E2EB5267E00E0B24B /* FirebaseAI in Frameworks */,
			);
			runOnlyForDeploymentPostprocessing = 0;
		};
		E11568712EB1591E00E0B24B /* Frameworks */ = {
			isa = PBXFrameworksBuildPhase;
			buildActionMask = 2147483647;
			files = (
			);
			runOnlyForDeploymentPostprocessing = 0;
		};
		E115687B2EB1591E00E0B24B /* Frameworks */ = {
			isa = PBXFrameworksBuildPhase;
			buildActionMask = 2147483647;
			files = (
			);
			runOnlyForDeploymentPostprocessing = 0;
		};
/* End PBXFrameworksBuildPhase section */

/* Begin PBXGroup section */
		E11568552EB1591C00E0B24B = {
			isa = PBXGroup;
			children = (
				E11568602EB1591C00E0B24B /* HaptIQ */,
				E11568772EB1591E00E0B24B /* HaptIQTests */,
				E11568812EB1591E00E0B24B /* HaptIQUITests */,
				E115685F2EB1591C00E0B24B /* Products */,
			);
			sourceTree = "<group>";
		};
		E115685F2EB1591C00E0B24B /* Products */ = {
			isa = PBXGroup;
			children = (
				E115685E2EB1591C00E0B24B /* HaptIQ.app */,
				E11568742EB1591E00E0B24B /* HaptIQTests.xctest */,
				E115687E2EB1591E00E0B24B /* HaptIQUITests.xctest */,
			);
			name = Products;
			sourceTree = "<group>";
		};
/* End PBXGroup section */

/* Begin PBXNativeTarget section */
		E115685D2EB1591C00E0B24B /* HaptIQ */ = {
			isa = PBXNativeTarget;
			buildConfigurationList = E11568872EB1591E00E0B24B /* Build configuration list for PBXNativeTarget "HaptIQ" */;
			buildPhases = (
				E115685A2EB1591C00E0B24B /* Sources */,
				E115685B2EB1591C00E0B24B /* Frameworks */,
				E115685C2EB1591C00E0B24B /* Resources */,
			);
			buildRules = (
			);
			dependencies = (
			);
			fileSystemSynchronizedGroups = (
				E11568602EB1591C00E0B24B /* HaptIQ */,
			);
			name = HaptIQ;
			packageProductDependencies = (
				E115690D2EB5267E00E0B24B /* FirebaseAI */,
				E115690F2EB5267E00E0B24B /* FirebaseAnalytics */,
				E11569112EB5267E00E0B24B /* FirebaseDatabase */,
				E11569132EB5267E00E0B24B /* FirebaseFirestore */,
			);
			productName = HaptIQ;
			productReference = E115685E2EB1591C00E0B24B /* HaptIQ.app */;
			productType = "com.apple.product-type.application";
		};
		E11568732EB1591E00E0B24B /* HaptIQTests */ = {
			isa = PBXNativeTarget;
			buildConfigurationList = E115688C2EB1591E00E0B24B /* Build configuration list for PBXNativeTarget "HaptIQTests" */;
			buildPhases = (
				E11568702EB1591E00E0B24B /* Sources */,
				E11568712EB1591E00E0B24B /* Frameworks */,
				E11568722EB1591E00E0B24B /* Resources */,
			);
			buildRules = (
			);
			dependencies = (
				E11568762EB1591E00E0B24B /* PBXTargetDependency */,
			);
			fileSystemSynchronizedGroups = (
				E11568772EB1591E00E0B24B /* HaptIQTests */,
			);
			name = HaptIQTests;
			packageProductDependencies = (
			);
			productName = HaptIQTests;
			productReference = E11568742EB1591E00E0B24B /* HaptIQTests.xctest */;
			productType = "com.apple.product-type.bundle.unit-test";
		};
		E115687D2EB1591E00E0B24B /* HaptIQUITests */ = {
			isa = PBXNativeTarget;
			buildConfigurationList = E115688F2EB1591E00E0B24B /* Build configuration list for PBXNativeTarget "HaptIQUITests" */;
			buildPhases = (
				E115687A2EB1591E00E0B24B /* Sources */,
				E115687B2EB1591E00E0B24B /* Frameworks */,
				E115687C2EB1591E00E0B24B /* Resources */,
			);
			buildRules = (
			);
			dependencies = (
				E11568802EB1591E00E0B24B /* PBXTargetDependency */,
			);
			fileSystemSynchronizedGroups = (
				E11568812EB1591E00E0B24B /* HaptIQUITests */,
			);
			name = HaptIQUITests;
			packageProductDependencies = (
			);
			productName = HaptIQUITests;
			productReference = E115687E2EB1591E00E0B24B /* HaptIQUITests.xctest */;
			productType = "com.apple.product-type.bundle.ui-testing";
		};
/* End PBXNativeTarget section */

/* Begin PBXProject section */
		E11568562EB1591C00E0B24B /* Project object */ = {
			isa = PBXProject;
			attributes = {
				BuildIndependentTargetsInParallel = 1;
				LastSwiftUpdateCheck = 1620;
				LastUpgradeCheck = 2610;
				TargetAttributes = {
					E115685D2EB1591C00E0B24B = {
						CreatedOnToolsVersion = 16.2;
					};
					E11568732EB1591E00E0B24B = {
						CreatedOnToolsVersion = 16.2;
						TestTargetID = E115685D2EB1591C00E0B24B;
					};
					E115687D2EB1591E00E0B24B = {
						CreatedOnToolsVersion = 16.2;
						TestTargetID = E115685D2EB1591C00E0B24B;
					};
				};
			};
			buildConfigurationList = E11568592EB1591C00E0B24B /* Build configuration list for PBXProject "HaptIQ" */;
			developmentRegion = en;
			hasScannedForEncodings = 0;
			knownRegions = (
				en,
				Base,
			);
			mainGroup = E11568552EB1591C00E0B24B;
			minimizedProjectReferenceProxies = 1;
			packageReferences = (
				E115690B2EB522CF00E0B24B /* XCRemoteSwiftPackageReference "swift-algorithms" */,
				E115690C2EB5267E00E0B24B /* XCRemoteSwiftPackageReference "firebase-ios-sdk" */,
			);
			preferredProjectObjectVersion = 77;
			productRefGroup = E115685F2EB1591C00E0B24B /* Products */;
			projectDirPath = "";
			projectRoot = "";
			targets = (
				E115685D2EB1591C00E0B24B /* HaptIQ */,
				E11568732EB1591E00E0B24B /* HaptIQTests */,
				E115687D2EB1591E00E0B24B /* HaptIQUITests */,
			);
		};
/* End PBXProject section */

/* Begin PBXResourcesBuildPhase section */
		E115685C2EB1591C00E0B24B /* Resources */ = {
			isa = PBXResourcesBuildPhase;
			buildActionMask = 2147483647;
			files = (
			);
			runOnlyForDeploymentPostprocessing = 0;
		};
		E11568722EB1591E00E0B24B /* Resources */ = {
			isa = PBXResourcesBuildPhase;
			buildActionMask = 2147483647;
			files = (
			);
			runOnlyForDeploymentPostprocessing = 0;
		};
		E115687C2EB1591E00E0B24B /* Resources */ = {
			isa = PBXResourcesBuildPhase;
			buildActionMask = 2147483647;
			files = (
			);
			runOnlyForDeploymentPostprocessing = 0;
		};
/* End PBXResourcesBuildPhase section */

/* Begin PBXSourcesBuildPhase section */
		E115685A2EB1591C00E0B24B /* Sources */ = {
			isa = PBXSourcesBuildPhase;
			buildActionMask = 2147483647;
			files = (
			);
			runOnlyForDeploymentPostprocessing = 0;
		};
		E11568702EB1591E00E0B24B /* Sources */ = {
			isa = PBXSourcesBuildPhase;
			buildActionMask = 2147483647;
			files = (
			);
			runOnlyForDeploymentPostprocessing = 0;
		};
		E115687A2EB1591E00E0B24B /* Sources */ = {
			isa = PBXSourcesBuildPhase;
			buildActionMask = 2147483647;
			files = (
			);
			runOnlyForDeploymentPostprocessing = 0;
		};
/* End PBXSourcesBuildPhase section */

/* Begin PBXTargetDependency section */
		E11568762EB1591E00E0B24B /* PBXTargetDependency */ = {
			isa = PBXTargetDependency;
			target = E115685D2EB1591C00E0B24B /* HaptIQ */;
			targetProxy = E11568752EB1591E00E0B24B /* PBXContainerItemProxy */;
		};
		E11568802EB1591E00E0B24B /* PBXTargetDependency */ = {
			isa = PBXTargetDependency;
			target = E115685D2EB1591C00E0B24B /* HaptIQ */;
			targetProxy = E115687F2EB1591E00E0B24B /* PBXContainerItemProxy */;
		};
/* End PBXTargetDependency section */

/* Begin XCBuildConfiguration section */
		E11568882EB1591E00E0B24B /* Debug */ = {
			isa = XCBuildConfiguration;
			buildSettings = {
				ASSETCATALOG_COMPILER_APPICON_NAME = AppIcon;
				ASSETCATALOG_COMPILER_GLOBAL_ACCENT_COLOR_NAME = AccentColor;
				CODE_SIGN_STYLE = Automatic;
				CURRENT_PROJECT_VERSION = 1;
				GENERATE_INFOPLIST_FILE = YES;
				INFOPLIST_FILE = HaptIQ/Info.plist;
				INFOPLIST_KEY_LSApplicationCategoryType = "public.app-category.games";
				INFOPLIST_KEY_UIApplicationSupportsIndirectInputEvents = YES;
				INFOPLIST_KEY_UILaunchStoryboardName = LaunchScreen;
				INFOPLIST_KEY_UIMainStoryboardFile = Main;
				INFOPLIST_KEY_UISupportedInterfaceOrientations_iPad = "UIInterfaceOrientationPortrait UIInterfaceOrientationPortraitUpsideDown UIInterfaceOrientationLandscapeLeft UIInterfaceOrientationLandscapeRight";
				INFOPLIST_KEY_UISupportedInterfaceOrientations_iPhone = "UIInterfaceOrientationPortrait UIInterfaceOrientationLandscapeLeft UIInterfaceOrientationLandscapeRight";
				LD_RUNPATH_SEARCH_PATHS = (
					"$(inherited)",
					"@executable_path/Frameworks",
				);
				MARKETING_VERSION = 1.0;
				PRODUCT_BUNDLE_IDENTIFIER = HaptIQ.HaptIQ;
				PRODUCT_NAME = "$(TARGET_NAME)";
				SWIFT_EMIT_LOC_STRINGS = YES;
				SWIFT_VERSION = 5.0;
				TARGETED_DEVICE_FAMILY = "1,2";
			};
			name = Debug;
		};
		E11568892EB1591E00E0B24B /* Release */ = {
			isa = XCBuildConfiguration;
			buildSettings = {
				ASSETCATALOG_COMPILER_APPICON_NAME = AppIcon;
				ASSETCATALOG_COMPILER_GLOBAL_ACCENT_COLOR_NAME = AccentColor;
				CODE_SIGN_STYLE = Automatic;
				CURRENT_PROJECT_VERSION = 1;
				GENERATE_INFOPLIST_FILE = YES;
				INFOPLIST_FILE = HaptIQ/Info.plist;
				INFOPLIST_KEY_LSApplicationCategoryType = "public.app-category.games";
				INFOPLIST_KEY_UIApplicationSupportsIndirectInputEvents = YES;
				INFOPLIST_KEY_UILaunchStoryboardName = LaunchScreen;
				INFOPLIST_KEY_UIMainStoryboardFile = Main;
				INFOPLIST_KEY_UISupportedInterfaceOrientations_iPad = "UIInterfaceOrientationPortrait UIInterfaceOrientationPortraitUpsideDown UIInterfaceOrientationLandscapeLeft UIInterfaceOrientationLandscapeRight";
				INFOPLIST_KEY_UISupportedInterfaceOrientations_iPhone = "UIInterfaceOrientationPortrait UIInterfaceOrientationLandscapeLeft UIInterfaceOrientationLandscapeRight";
				LD_RUNPATH_SEARCH_PATHS = (
					"$(inherited)",
					"@executable_path/Frameworks",
				);
				MARKETING_VERSION = 1.0;
				PRODUCT_BUNDLE_IDENTIFIER = HaptIQ.HaptIQ;
				PRODUCT_NAME = "$(TARGET_NAME)";
				SWIFT_EMIT_LOC_STRINGS = YES;
				SWIFT_VERSION = 5.0;
				TARGETED_DEVICE_FAMILY = "1,2";
			};
			name = Release;
		};
		E115688A2EB1591E00E0B24B /* Debug */ = {
			isa = XCBuildConfiguration;
			buildSettings = {
				ALWAYS_SEARCH_USER_PATHS = NO;
				ASSETCATALOG_COMPILER_GENERATE_SWIFT_ASSET_SYMBOL_EXTENSIONS = YES;
				CLANG_ANALYZER_NONNULL = YES;
				CLANG_ANALYZER_NUMBER_OBJECT_CONVERSION = YES_AGGRESSIVE;
				CLANG_CXX_LANGUAGE_STANDARD = "gnu++20";
				CLANG_ENABLE_MODULES = YES;
				CLANG_ENABLE_OBJC_ARC = YES;
				CLANG_ENABLE_OBJC_WEAK = YES;
				CLANG_WARN_BLOCK_CAPTURE_AUTORELEASING = YES;
				CLANG_WARN_BOOL_CONVERSION = YES;
				CLANG_WARN_COMMA = YES;
				CLANG_WARN_CONSTANT_CONVERSION = YES;
				CLANG_WARN_DEPRECATED_OBJC_IMPLEMENTATIONS = YES;
				CLANG_WARN_DIRECT_OBJC_ISA_USAGE = YES_ERROR;
				CLANG_WARN_DOCUMENTATION_COMMENTS = YES;
				CLANG_WARN_EMPTY_BODY = YES;
				CLANG_WARN_ENUM_CONVERSION = YES;
				CLANG_WARN_INFINITE_RECURSION = YES;
				CLANG_WARN_INT_CONVERSION = YES;
				CLANG_WARN_NON_LITERAL_NULL_CONVERSION = YES;
				CLANG_WARN_OBJC_IMPLICIT_RETAIN_SELF = YES;
				CLANG_WARN_OBJC_LITERAL_CONVERSION = YES;
				CLANG_WARN_OBJC_ROOT_CLASS = YES_ERROR;
				CLANG_WARN_QUOTED_INCLUDE_IN_FRAMEWORK_HEADER = YES;
				CLANG_WARN_RANGE_LOOP_ANALYSIS = YES;
				CLANG_WARN_STRICT_PROTOTYPES = YES;
				CLANG_WARN_SUSPICIOUS_MOVE = YES;
				CLANG_WARN_UNGUARDED_AVAILABILITY = YES_AGGRESSIVE;
				CLANG_WARN_UNREACHABLE_CODE = YES;
				CLANG_WARN__DUPLICATE_METHOD_MATCH = YES;
				COPY_PHASE_STRIP = NO;
				DEBUG_INFORMATION_FORMAT = dwarf;
				DEVELOPMENT_TEAM = 85VW23JNCW;
				ENABLE_STRICT_OBJC_MSGSEND = YES;
				ENABLE_TESTABILITY = YES;
				ENABLE_USER_SCRIPT_SANDBOXING = YES;
				GCC_C_LANGUAGE_STANDARD = gnu17;
				GCC_DYNAMIC_NO_PIC = NO;
				GCC_NO_COMMON_BLOCKS = YES;
				GCC_OPTIMIZATION_LEVEL = 0;
				GCC_PREPROCESSOR_DEFINITIONS = (
					"DEBUG=1",
					"$(inherited)",
				);
				GCC_WARN_64_TO_32_BIT_CONVERSION = YES;
				GCC_WARN_ABOUT_RETURN_TYPE = YES_ERROR;
				GCC_WARN_UNDECLARED_SELECTOR = YES;
				GCC_WARN_UNINITIALIZED_AUTOS = YES_AGGRESSIVE;
				GCC_WARN_UNUSED_FUNCTION = YES;
				GCC_WARN_UNUSED_VARIABLE = YES;
				IPHONEOS_DEPLOYMENT_TARGET = 18.2;
				LOCALIZATION_PREFERS_STRING_CATALOGS = YES;
				MTL_ENABLE_DEBUG_INFO = INCLUDE_SOURCE;
				MTL_FAST_MATH = YES;
				ONLY_ACTIVE_ARCH = YES;
				SDKROOT = iphoneos;
				STRING_CATALOG_GENERATE_SYMBOLS = YES;
				SWIFT_ACTIVE_COMPILATION_CONDITIONS = "DEBUG $(inherited)";
				SWIFT_OPTIMIZATION_LEVEL = "-Onone";
			};
			name = Debug;
		};
		E115688B2EB1591E00E0B24B /* Release */ = {
			isa = XCBuildConfiguration;
			buildSettings = {
				ALWAYS_SEARCH_USER_PATHS = NO;
				ASSETCATALOG_COMPILER_GENERATE_SWIFT_ASSET_SYMBOL_EXTENSIONS = YES;
				CLANG_ANALYZER_NONNULL = YES;
				CLANG_ANALYZER_NUMBER_OBJECT_CONVERSION = YES_AGGRESSIVE;
				CLANG_CXX_LANGUAGE_STANDARD = "gnu++20";
				CLANG_ENABLE_MODULES = YES;
				CLANG_ENABLE_OBJC_ARC = YES;
				CLANG_ENABLE_OBJC_WEAK = YES;
				CLANG_WARN_BLOCK_CAPTURE_AUTORELEASING = YES;
				CLANG_WARN_BOOL_CONVERSION = YES;
				CLANG_WARN_COMMA = YES;
				CLANG_WARN_CONSTANT_CONVERSION = YES;
				CLANG_WARN_DEPRECATED_OBJC_IMPLEMENTATIONS = YES;
				CLANG_WARN_DIRECT_OBJC_ISA_USAGE = YES_ERROR;
				CLANG_WARN_DOCUMENTATION_COMMENTS = YES;
				CLANG_WARN_EMPTY_BODY = YES;
				CLANG_WARN_ENUM_CONVERSION = YES;
				CLANG_WARN_INFINITE_RECURSION = YES;
				CLANG_WARN_INT_CONVERSION = YES;
				CLANG_WARN_NON_LITERAL_NULL_CONVERSION = YES;
				CLANG_WARN_OBJC_IMPLICIT_RETAIN_SELF = YES;
				CLANG_WARN_OBJC_LITERAL_CONVERSION = YES;
				CLANG_WARN_OBJC_ROOT_CLASS = YES_ERROR;
				CLANG_WARN_QUOTED_INCLUDE_IN_FRAMEWORK_HEADER = YES;
				CLANG_WARN_RANGE_LOOP_ANALYSIS = YES;
				CLANG_WARN_STRICT_PROTOTYPES = YES;
				CLANG_WARN_SUSPICIOUS_MOVE = YES;
				CLANG_WARN_UNGUARDED_AVAILABILITY = YES_AGGRESSIVE;
				CLANG_WARN_UNREACHABLE_CODE = YES;
				CLANG_WARN__DUPLICATE_METHOD_MATCH = YES;
				COPY_PHASE_STRIP = NO;
				DEBUG_INFORMATION_FORMAT = "dwarf-with-dsym";
				DEVELOPMENT_TEAM = 85VW23JNCW;
				ENABLE_NS_ASSERTIONS = NO;
				ENABLE_STRICT_OBJC_MSGSEND = YES;
				ENABLE_USER_SCRIPT_SANDBOXING = YES;
				GCC_C_LANGUAGE_STANDARD = gnu17;
				GCC_NO_COMMON_BLOCKS = YES;
				GCC_WARN_64_TO_32_BIT_CONVERSION = YES;
				GCC_WARN_ABOUT_RETURN_TYPE = YES_ERROR;
				GCC_WARN_UNDECLARED_SELECTOR = YES;
				GCC_WARN_UNINITIALIZED_AUTOS = YES_AGGRESSIVE;
				GCC_WARN_UNUSED_FUNCTION = YES;
				GCC_WARN_UNUSED_VARIABLE = YES;
				IPHONEOS_DEPLOYMENT_TARGET = 18.2;
				LOCALIZATION_PREFERS_STRING_CATALOGS = YES;
				MTL_ENABLE_DEBUG_INFO = NO;
				MTL_FAST_MATH = YES;
				SDKROOT = iphoneos;
				STRING_CATALOG_GENERATE_SYMBOLS = YES;
				SWIFT_COMPILATION_MODE = wholemodule;
				VALIDATE_PRODUCT = YES;
			};
			name = Release;
		};
		E115688D2EB1591E00E0B24B /* Debug */ = {
			isa = XCBuildConfiguration;
			buildSettings = {
				BUNDLE_LOADER = "$(TEST_HOST)";
				CODE_SIGN_STYLE = Automatic;
				CURRENT_PROJECT_VERSION = 1;
				GENERATE_INFOPLIST_FILE = YES;
				IPHONEOS_DEPLOYMENT_TARGET = 18.2;
				MARKETING_VERSION = 1.0;
				PRODUCT_BUNDLE_IDENTIFIER = HaptIQ.HaptIQTests;
				PRODUCT_NAME = "$(TARGET_NAME)";
				SWIFT_EMIT_LOC_STRINGS = NO;
				SWIFT_VERSION = 5.0;
				TARGETED_DEVICE_FAMILY = "1,2";
				TEST_HOST = "$(BUILT_PRODUCTS_DIR)/HaptIQ.app/$(BUNDLE_EXECUTABLE_FOLDER_PATH)/HaptIQ";
			};
			name = Debug;
		};
		E115688E2EB1591E00E0B24B /* Release */ = {
			isa = XCBuildConfiguration;
			buildSettings = {
				BUNDLE_LOADER = "$(TEST_HOST)";
				CODE_SIGN_STYLE = Automatic;
				CURRENT_PROJECT_VERSION = 1;
				GENERATE_INFOPLIST_FILE = YES;
				IPHONEOS_DEPLOYMENT_TARGET = 18.2;
				MARKETING_VERSION = 1.0;
				PRODUCT_BUNDLE_IDENTIFIER = HaptIQ.HaptIQTests;
				PRODUCT_NAME = "$(TARGET_NAME)";
				SWIFT_EMIT_LOC_STRINGS = NO;
				SWIFT_VERSION = 5.0;
				TARGETED_DEVICE_FAMILY = "1,2";
				TEST_HOST = "$(BUILT_PRODUCTS_DIR)/HaptIQ.app/$(BUNDLE_EXECUTABLE_FOLDER_PATH)/HaptIQ";
			};
			name = Release;
		};
		E11568902EB1591E00E0B24B /* Debug */ = {
			isa = XCBuildConfiguration;
			buildSettings = {
				CODE_SIGN_STYLE = Automatic;
				CURRENT_PROJECT_VERSION = 1;
				GENERATE_INFOPLIST_FILE = YES;
				MARKETING_VERSION = 1.0;
				PRODUCT_BUNDLE_IDENTIFIER = HaptIQ.HaptIQUITests;
				PRODUCT_NAME = "$(TARGET_NAME)";
				SWIFT_EMIT_LOC_STRINGS = NO;
				SWIFT_VERSION = 5.0;
				TARGETED_DEVICE_FAMILY = "1,2";
				TEST_TARGET_NAME = HaptIQ;
			};
			name = Debug;
		};
		E11568912EB1591E00E0B24B /* Release */ = {
			isa = XCBuildConfiguration;
			buildSettings = {
				CODE_SIGN_STYLE = Automatic;
				CURRENT_PROJECT_VERSION = 1;
				GENERATE_INFOPLIST_FILE = YES;
				MARKETING_VERSION = 1.0;
				PRODUCT_BUNDLE_IDENTIFIER = HaptIQ.HaptIQUITests;
				PRODUCT_NAME = "$(TARGET_NAME)";
				SWIFT_EMIT_LOC_STRINGS = NO;
				SWIFT_VERSION = 5.0;
				TARGETED_DEVICE_FAMILY = "1,2";
				TEST_TARGET_NAME = HaptIQ;
			};
			name = Release;
		};
/* End XCBuildConfiguration section */

/* Begin XCConfigurationList section */
		E11568592EB1591C00E0B24B /* Build configuration list for PBXProject "HaptIQ" */ = {
			isa = XCConfigurationList;
			buildConfigurations = (
				E115688A2EB1591E00E0B24B /* Debug */,
				E115688B2EB1591E00E0B24B /* Release */,
			);
			defaultConfigurationIsVisible = 0;
			defaultConfigurationName = Release;
		};
		E11568872EB1591E00E0B24B /* Build configuration list for PBXNativeTarget "HaptIQ" */ = {
			isa = XCConfigurationList;
			buildConfigurations = (
				E11568882EB1591E00E0B24B /* Debug */,
				E11568892EB1591E00E0B24B /* Release */,
			);
			defaultConfigurationIsVisible = 0;
			defaultConfigurationName = Release;
		};
		E115688C2EB1591E00E0B24B /* Build configuration list for PBXNativeTarget "HaptIQTests" */ = {
			isa = XCConfigurationList;
			buildConfigurations = (
				E115688D2EB1591E00E0B24B /* Debug */,
				E115688E2EB1591E00E0B24B /* Release */,
			);
			defaultConfigurationIsVisible = 0;
			defaultConfigurationName = Release;
		};
		E115688F2EB1591E00E0B24B /* Build configuration list for PBXNativeTarget "HaptIQUITests" */ = {
			isa = XCConfigurationList;
			buildConfigurations = (
				E11568902EB1591E00E0B24B /* Debug */,
				E11568912EB1591E00E0B24B /* Release */,
			);
			defaultConfigurationIsVisible = 0;
			defaultConfigurationName = Release;
		};
/* End XCConfigurationList section */

/* Begin XCRemoteSwiftPackageReference section */
		E115690B2EB522CF00E0B24B /* XCRemoteSwiftPackageReference "swift-algorithms" */ = {
			isa = XCRemoteSwiftPackageReference;
			repositoryURL = "https://github.com/apple/swift-algorithms.git";
			requirement = {
				kind = upToNextMajorVersion;
				minimumVersion = 1.2.1;
			};
		};
		E115690C2EB5267E00E0B24B /* XCRemoteSwiftPackageReference "firebase-ios-sdk" */ = {
			isa = XCRemoteSwiftPackageReference;
			repositoryURL = "https://github.com/firebase/firebase-ios-sdk";
			requirement = {
				kind = upToNextMajorVersion;
				minimumVersion = 12.5.0;
			};
		};
/* End XCRemoteSwiftPackageReference section */

/* Begin XCSwiftPackageProductDependency section */
		E115690D2EB5267E00E0B24B /* FirebaseAI */ = {
			isa = XCSwiftPackageProductDependency;
			package = E115690C2EB5267E00E0B24B /* XCRemoteSwiftPackageReference "firebase-ios-sdk" */;
			productName = FirebaseAI;
		};
		E115690F2EB5267E00E0B24B /* FirebaseAnalytics */ = {
			isa = XCSwiftPackageProductDependency;
			package = E115690C2EB5267E00E0B24B /* XCRemoteSwiftPackageReference "firebase-ios-sdk" */;
			productName = FirebaseAnalytics;
		};
		E11569112EB5267E00E0B24B /* FirebaseDatabase */ = {
			isa = XCSwiftPackageProductDependency;
			package = E115690C2EB5267E00E0B24B /* XCRemoteSwiftPackageReference "firebase-ios-sdk" */;
			productName = FirebaseDatabase;
		};
		E11569132EB5267E00E0B24B /* FirebaseFirestore */ = {
			isa = XCSwiftPackageProductDependency;
			package = E115690C2EB5267E00E0B24B /* XCRemoteSwiftPackageReference "firebase-ios-sdk" */;
			productName = FirebaseFirestore;
		};
/* End XCSwiftPackageProductDependency section */
	};
	rootObject = E11568562EB1591C00E0B24B /* Project object */;
}
